
Microsoft Visual Studio Solution File, Format Version 12.00
# Visual Studio Version 17
VisualStudioVersion = 17.14.36518.9 d17.14
MinimumVisualStudioVersion = 10.0.40219.1
Project("{FAE04EC0-301F-11D3-BF4B-00C04F79EFBC}") = "Order.Worker", "Order.Worker\Order.Worker.csproj", "{C402AE98-0CEF-4441-F91A-CF3EA197C865}"
EndProject
Project("{FAE04EC0-301F-11D3-BF4B-00C04F79EFBC}") = "Producer", "Producer\Producer.csproj", "{5B2360AD-A43A-4CD7-B005-587AF3BD5181}"
EndProject
Global
	GlobalSection(SolutionConfigurationPlatforms) = preSolution
		Debug|Any CPU = Debug|Any CPU
		Release|Any CPU = Release|Any CPU
	EndGlobalSection
	GlobalSection(ProjectConfigurationPlatforms) = postSolution
		{C402AE98-0CEF-4441-F91A-CF3EA197C865}.Debug|Any CPU.ActiveCfg = Debug|Any CPU
		{C402AE98-0CEF-4441-F91A-CF3EA197C865}.Debug|Any CPU.Build.0 = Debug|Any CPU
		{C402AE98-0CEF-4441-F91A-CF3EA197C865}.Release|Any CPU.ActiveCfg = Release|Any CPU
		{C402AE98-0CEF-4441-F91A-CF3EA197C865}.Release|Any CPU.Build.0 = Release|Any CPU
		{5B2360AD-A43A-4CD7-B005-587AF3BD5181}.Debug|Any CPU.ActiveCfg = Debug|Any CPU
		{5B2360AD-A43A-4CD7-B005-587AF3BD5181}.Debug|Any CPU.Build.0 = Debug|Any CPU
		{5B2360AD-A43A-4CD7-B005-587AF3BD5181}.Release|Any CPU.ActiveCfg = Release|Any CPU
		{5B2360AD-A43A-4CD7-B005-587AF3BD5181}.Release|Any CPU.Build.0 = Release|Any CPU
	EndGlobalSection
	GlobalSection(SolutionProperties) = preSolution
		HideSolutionNode = FALSE
	EndGlobalSection
	GlobalSection(ExtensibilityGlobals) = postSolution
		SolutionGuid = {B11D6DAF-DC62-4963-88F8-EF86AAE3FD92}
	EndGlobalSection
EndGlobal
